
Microsoft Visual Studio Solution File, Format Version 12.00
# Visual Studio 14
VisualStudioVersion = 14.0.25420.1
MinimumVisualStudioVersion = 10.0.40219.1
Project("{FAE04EC0-301F-11D3-BF4B-00C04F79EFBC}") = "PhotoGallery", "PhotoGallery\PhotoGallery.csproj", "{F758C4FA-840B-40A2-BF06-987E45697136}"
EndProject
Project("{FAE04EC0-301F-11D3-BF4B-00C04F79EFBC}") = "PhotoGallery.Tests", "PhotoGallery.Tests\PhotoGallery.Tests.csproj", "{04588C99-6171-42CE-93EA-FDD732160F9F}"
EndProject
Global
	GlobalSection(SolutionConfigurationPlatforms) = preSolution
		Debug|Any CPU = Debug|Any CPU
		Release|Any CPU = Release|Any CPU
	EndGlobalSection
	GlobalSection(ProjectConfigurationPlatforms) = postSolution
		{F758C4FA-840B-40A2-BF06-987E45697136}.Debug|Any CPU.ActiveCfg = Debug|Any CPU
		{F758C4FA-840B-40A2-BF06-987E45697136}.Debug|Any CPU.Build.0 = Debug|Any CPU
		{F758C4FA-840B-40A2-BF06-987E45697136}.Release|Any CPU.ActiveCfg = Release|Any CPU
		{F758C4FA-840B-40A2-BF06-987E45697136}.Release|Any CPU.Build.0 = Release|Any CPU
		{04588C99-6171-42CE-93EA-FDD732160F9F}.Debug|Any CPU.ActiveCfg = Debug|Any CPU
		{04588C99-6171-42CE-93EA-FDD732160F9F}.Debug|Any CPU.Build.0 = Debug|Any CPU
		{04588C99-6171-42CE-93EA-FDD732160F9F}.Release|Any CPU.ActiveCfg = Release|Any CPU
		{04588C99-6171-42CE-93EA-FDD732160F9F}.Release|Any CPU.Build.0 = Release|Any CPU
	EndGlobalSection
	GlobalSection(SolutionProperties) = preSolution
		HideSolutionNode = FALSE
	EndGlobalSection
EndGlobal
